
Microsoft Visual Studio Solution File, Format Version 12.00
# Visual Studio Version 16
VisualStudioVersion = 16.0.32228.343
MinimumVisualStudioVersion = 10.0.40219.1
Project("{FAE04EC0-301F-11D3-BF4B-00C04F79EFBC}") = "fashscape", "fashscape\fashscape.csproj", "{3A95B42D-25EA-4485-A56D-165FDC30D616}"
EndProject
Global
	GlobalSection(SolutionConfigurationPlatforms) = preSolution
		Debug|Any CPU = Debug|Any CPU
		Release|Any CPU = Release|Any CPU
	EndGlobalSection
	GlobalSection(ProjectConfigurationPlatforms) = postSolution
		{3A95B42D-25EA-4485-A56D-165FDC30D616}.Debug|Any CPU.ActiveCfg = Debug|Any CPU
		{3A95B42D-25EA-4485-A56D-165FDC30D616}.Debug|Any CPU.Build.0 = Debug|Any CPU
		{3A95B42D-25EA-4485-A56D-165FDC30D616}.Release|Any CPU.ActiveCfg = Release|Any CPU
		{3A95B42D-25EA-4485-A56D-165FDC30D616}.Release|Any CPU.Build.0 = Release|Any CPU
	EndGlobalSection
	GlobalSection(SolutionProperties) = preSolution
		HideSolutionNode = FALSE
	EndGlobalSection
	GlobalSection(ExtensibilityGlobals) = postSolution
		SolutionGuid = {43E9EAB0-A1F1-47C4-9F59-4020FABB29CB}
	EndGlobalSection
EndGlobal
